// !$*UTF8*$!
{
	archiveVersion = 1;
	classes = {
	};
	objectVersion = 56;
	objects = {

/* Begin PBXBuildFile section */
		6A0A39A3292D020900888590 /* CategoryViewCell.swift in Sources */ = {isa = PBXBuildFile; fileRef = 6A0A39A2292D020900888590 /* CategoryViewCell.swift */; };
		6A4306682928530B00D00E97 /* MoneyControlApp.swift in Sources */ = {isa = PBXBuildFile; fileRef = 6A4306672928530B00D00E97 /* MoneyControlApp.swift */; };
		6A43066A2928530B00D00E97 /* MainView.swift in Sources */ = {isa = PBXBuildFile; fileRef = 6A4306692928530B00D00E97 /* MainView.swift */; };
		6A43066C2928530C00D00E97 /* Assets.xcassets in Resources */ = {isa = PBXBuildFile; fileRef = 6A43066B2928530C00D00E97 /* Assets.xcassets */; };
		6A43066F2928530C00D00E97 /* Preview Assets.xcassets in Resources */ = {isa = PBXBuildFile; fileRef = 6A43066E2928530C00D00E97 /* Preview Assets.xcassets */; };
		6A430677292853AA00D00E97 /* ExpenseModel.swift in Sources */ = {isa = PBXBuildFile; fileRef = 6A430676292853AA00D00E97 /* ExpenseModel.swift */; };
		6A43067B292856E900D00E97 /* ExpenseViewModel.swift in Sources */ = {isa = PBXBuildFile; fileRef = 6A43067A292856E900D00E97 /* ExpenseViewModel.swift */; };
		6A43067D2928589B00D00E97 /* TopBarView.swift in Sources */ = {isa = PBXBuildFile; fileRef = 6A43067C2928589B00D00E97 /* TopBarView.swift */; };
		6A43068129285C5C00D00E97 /* InfoWidget.swift in Sources */ = {isa = PBXBuildFile; fileRef = 6A43068029285C5C00D00E97 /* InfoWidget.swift */; };
		6A430683292874FB00D00E97 /* NewOperationView.swift in Sources */ = {isa = PBXBuildFile; fileRef = 6A430682292874FB00D00E97 /* NewOperationView.swift */; };
/* End PBXBuildFile section */

/* Begin PBXFileReference section */
		6A0A39A2292D020900888590 /* CategoryViewCell.swift */ = {isa = PBXFileReference; lastKnownFileType = sourcecode.swift; path = CategoryViewCell.swift; sourceTree = "<group>"; };
		6A4306642928530B00D00E97 /* MoneyControl.app */ = {isa = PBXFileReference; explicitFileType = wrapper.application; includeInIndex = 0; path = MoneyControl.app; sourceTree = BUILT_PRODUCTS_DIR; };
		6A4306672928530B00D00E97 /* MoneyControlApp.swift */ = {isa = PBXFileReference; lastKnownFileType = sourcecode.swift; path = MoneyControlApp.swift; sourceTree = "<group>"; };
		6A4306692928530B00D00E97 /* MainView.swift */ = {isa = PBXFileReference; lastKnownFileType = sourcecode.swift; path = MainView.swift; sourceTree = "<group>"; };
		6A43066B2928530C00D00E97 /* Assets.xcassets */ = {isa = PBXFileReference; lastKnownFileType = folder.assetcatalog; path = Assets.xcassets; sourceTree = "<group>"; };
		6A43066E2928530C00D00E97 /* Preview Assets.xcassets */ = {isa = PBXFileReference; lastKnownFileType = folder.assetcatalog; path = "Preview Assets.xcassets"; sourceTree = "<group>"; };
		6A430676292853AA00D00E97 /* ExpenseModel.swift */ = {isa = PBXFileReference; lastKnownFileType = sourcecode.swift; path = ExpenseModel.swift; sourceTree = "<group>"; };
		6A43067A292856E900D00E97 /* ExpenseViewModel.swift */ = {isa = PBXFileReference; lastKnownFileType = sourcecode.swift; path = ExpenseViewModel.swift; sourceTree = "<group>"; };
		6A43067C2928589B00D00E97 /* TopBarView.swift */ = {isa = PBXFileReference; lastKnownFileType = sourcecode.swift; path = TopBarView.swift; sourceTree = "<group>"; };
		6A43068029285C5C00D00E97 /* InfoWidget.swift */ = {isa = PBXFileReference; lastKnownFileType = sourcecode.swift; path = InfoWidget.swift; sourceTree = "<group>"; };
		6A430682292874FB00D00E97 /* NewOperationView.swift */ = {isa = PBXFileReference; lastKnownFileType = sourcecode.swift; path = NewOperationView.swift; sourceTree = "<group>"; };
/* End PBXFileReference section */

/* Begin PBXFrameworksBuildPhase section */
		6A4306612928530B00D00E97 /* Frameworks */ = {
			isa = PBXFrameworksBuildPhase;
			buildActionMask = 2147483647;
			files = (
			);
			runOnlyForDeploymentPostprocessing = 0;
		};
/* End PBXFrameworksBuildPhase section */

/* Begin PBXGroup section */
		6A43065B2928530B00D00E97 = {
			isa = PBXGroup;
			children = (
				6A4306662928530B00D00E97 /* MoneyControl */,
				6A4306652928530B00D00E97 /* Products */,
			);
			sourceTree = "<group>";
		};
		6A4306652928530B00D00E97 /* Products */ = {
			isa = PBXGroup;
			children = (
				6A4306642928530B00D00E97 /* MoneyControl.app */,
			);
			name = Products;
			sourceTree = "<group>";
		};
		6A4306662928530B00D00E97 /* MoneyControl */ = {
			isa = PBXGroup;
			children = (
				6A4306672928530B00D00E97 /* MoneyControlApp.swift */,
				6A4306752928539000D00E97 /* Model */,
				6A4306782928567E00D00E97 /* ViewModel */,
				6A4306792928568800D00E97 /* View */,
				6A43066B2928530C00D00E97 /* Assets.xcassets */,
				6A43066D2928530C00D00E97 /* Preview Content */,
			);
			path = MoneyControl;
			sourceTree = "<group>";
		};
		6A43066D2928530C00D00E97 /* Preview Content */ = {
			isa = PBXGroup;
			children = (
				6A43066E2928530C00D00E97 /* Preview Assets.xcassets */,
			);
			path = "Preview Content";
			sourceTree = "<group>";
		};
		6A4306752928539000D00E97 /* Model */ = {
			isa = PBXGroup;
			children = (
				6A430676292853AA00D00E97 /* ExpenseModel.swift */,
			);
			path = Model;
			sourceTree = "<group>";
		};
		6A4306782928567E00D00E97 /* ViewModel */ = {
			isa = PBXGroup;
			children = (
				6A43067A292856E900D00E97 /* ExpenseViewModel.swift */,
			);
			path = ViewModel;
			sourceTree = "<group>";
		};
		6A4306792928568800D00E97 /* View */ = {
			isa = PBXGroup;
			children = (
				6A43067E29285B1300D00E97 /* Elements UI */,
				6A4306692928530B00D00E97 /* MainView.swift */,
				6A430682292874FB00D00E97 /* NewOperationView.swift */,
				6A0A39A2292D020900888590 /* CategoryViewCell.swift */,
			);
			path = View;
			sourceTree = "<group>";
		};
		6A43067E29285B1300D00E97 /* Elements UI */ = {
			isa = PBXGroup;
			children = (
				6A43067C2928589B00D00E97 /* TopBarView.swift */,
				6A43068029285C5C00D00E97 /* InfoWidget.swift */,
			);
			path = "Elements UI";
			sourceTree = "<group>";
		};
/* End PBXGroup section */

/* Begin PBXNativeTarget section */
		6A4306632928530B00D00E97 /* MoneyControl */ = {
			isa = PBXNativeTarget;
			buildConfigurationList = 6A4306722928530C00D00E97 /* Build configuration list for PBXNativeTarget "MoneyControl" */;
			buildPhases = (
				6A4306602928530B00D00E97 /* Sources */,
				6A4306612928530B00D00E97 /* Frameworks */,
				6A4306622928530B00D00E97 /* Resources */,
			);
			buildRules = (
			);
			dependencies = (
			);
			name = MoneyControl;
			productName = MoneyControl;
			productReference = 6A4306642928530B00D00E97 /* MoneyControl.app */;
			productType = "com.apple.product-type.application";
		};
/* End PBXNativeTarget section */

/* Begin PBXProject section */
		6A43065C2928530B00D00E97 /* Project object */ = {
			isa = PBXProject;
			attributes = {
				BuildIndependentTargetsInParallel = 1;
				LastSwiftUpdateCheck = 1410;
				LastUpgradeCheck = 1410;
				TargetAttributes = {
					6A4306632928530B00D00E97 = {
						CreatedOnToolsVersion = 14.1;
					};
				};
			};
			buildConfigurationList = 6A43065F2928530B00D00E97 /* Build configuration list for PBXProject "MoneyControl" */;
			compatibilityVersion = "Xcode 14.0";
			developmentRegion = en;
			hasScannedForEncodings = 0;
			knownRegions = (
				en,
				Base,
			);
			mainGroup = 6A43065B2928530B00D00E97;
			productRefGroup = 6A4306652928530B00D00E97 /* Products */;
			projectDirPath = "";
			projectRoot = "";
			targets = (
				6A4306632928530B00D00E97 /* MoneyControl */,
			);
		};
/* End PBXProject section */

/* Begin PBXResourcesBuildPhase section */
		6A4306622928530B00D00E97 /* Resources */ = {
			isa = PBXResourcesBuildPhase;
			buildActionMask = 2147483647;
			files = (
				6A43066F2928530C00D00E97 /* Preview Assets.xcassets in Resources */,
				6A43066C2928530C00D00E97 /* Assets.xcassets in Resources */,
			);
			runOnlyForDeploymentPostprocessing = 0;
		};
/* End PBXResourcesBuildPhase section */

/* Begin PBXSourcesBuildPhase section */
		6A4306602928530B00D00E97 /* Sources */ = {
			isa = PBXSourcesBuildPhase;
			buildActionMask = 2147483647;
			files = (
				6A430683292874FB00D00E97 /* NewOperationView.swift in Sources */,
				6A43067D2928589B00D00E97 /* TopBarView.swift in Sources */,
				6A0A39A3292D020900888590 /* CategoryViewCell.swift in Sources */,
				6A430677292853AA00D00E97 /* ExpenseModel.swift in Sources */,
				6A43066A2928530B00D00E97 /* MainView.swift in Sources */,
				6A43068129285C5C00D00E97 /* InfoWidget.swift in Sources */,
				6A43067B292856E900D00E97 /* ExpenseViewModel.swift in Sources */,
				6A4306682928530B00D00E97 /* MoneyControlApp.swift in Sources */,
			);
			runOnlyForDeploymentPostprocessing = 0;
		};
/* End PBXSourcesBuildPhase section */

/* Begin XCBuildConfiguration section */
		6A4306702928530C00D00E97 /* Debug */ = {
			isa = XCBuildConfiguration;
			buildSettings = {
				ALWAYS_SEARCH_USER_PATHS = NO;
				CLANG_ANALYZER_NONNULL = YES;
				CLANG_ANALYZER_NUMBER_OBJECT_CONVERSION = YES_AGGRESSIVE;
				CLANG_CXX_LANGUAGE_STANDARD = "gnu++20";
				CLANG_ENABLE_MODULES = YES;
				CLANG_ENABLE_OBJC_ARC = YES;
				CLANG_ENABLE_OBJC_WEAK = YES;
				CLANG_WARN_BLOCK_CAPTURE_AUTORELEASING = YES;
				CLANG_WARN_BOOL_CONVERSION = YES;
				CLANG_WARN_COMMA = YES;
				CLANG_WARN_CONSTANT_CONVERSION = YES;
				CLANG_WARN_DEPRECATED_OBJC_IMPLEMENTATIONS = YES;
				CLANG_WARN_DIRECT_OBJC_ISA_USAGE = YES_ERROR;
				CLANG_WARN_DOCUMENTATION_COMMENTS = YES;
				CLANG_WARN_EMPTY_BODY = YES;
				CLANG_WARN_ENUM_CONVERSION = YES;
				CLANG_WARN_INFINITE_RECURSION = YES;
				CLANG_WARN_INT_CONVERSION = YES;
				CLANG_WARN_NON_LITERAL_NULL_CONVERSION = YES;
				CLANG_WARN_OBJC_IMPLICIT_RETAIN_SELF = YES;
				CLANG_WARN_OBJC_LITERAL_CONVERSION = YES;
				CLANG_WARN_OBJC_ROOT_CLASS = YES_ERROR;
				CLANG_WARN_QUOTED_INCLUDE_IN_FRAMEWORK_HEADER = YES;
				CLANG_WARN_RANGE_LOOP_ANALYSIS = YES;
				CLANG_WARN_STRICT_PROTOTYPES = YES;
				CLANG_WARN_SUSPICIOUS_MOVE = YES;
				CLANG_WARN_UNGUARDED_AVAILABILITY = YES_AGGRESSIVE;
				CLANG_WARN_UNREACHABLE_CODE = YES;
				CLANG_WARN__DUPLICATE_METHOD_MATCH = YES;
				COPY_PHASE_STRIP = NO;
				DEBUG_INFORMATION_FORMAT = dwarf;
				ENABLE_STRICT_OBJC_MSGSEND = YES;
				ENABLE_TESTABILITY = YES;
				GCC_C_LANGUAGE_STANDARD = gnu11;
				GCC_DYNAMIC_NO_PIC = NO;
				GCC_NO_COMMON_BLOCKS = YES;
				GCC_OPTIMIZATION_LEVEL = 0;
				GCC_PREPROCESSOR_DEFINITIONS = (
					"DEBUG=1",
					"$(inherited)",
				);
				GCC_WARN_64_TO_32_BIT_CONVERSION = YES;
				GCC_WARN_ABOUT_RETURN_TYPE = YES_ERROR;
				GCC_WARN_UNDECLARED_SELECTOR = YES;
				GCC_WARN_UNINITIALIZED_AUTOS = YES_AGGRESSIVE;
				GCC_WARN_UNUSED_FUNCTION = YES;
				GCC_WARN_UNUSED_VARIABLE = YES;
				IPHONEOS_DEPLOYMENT_TARGET = 16.1;
				MTL_ENABLE_DEBUG_INFO = INCLUDE_SOURCE;
				MTL_FAST_MATH = YES;
				ONLY_ACTIVE_ARCH = YES;
				SDKROOT = iphoneos;
				SWIFT_ACTIVE_COMPILATION_CONDITIONS = DEBUG;
				SWIFT_OPTIMIZATION_LEVEL = "-Onone";
			};
			name = Debug;
		};
		6A4306712928530C00D00E97 /* Release */ = {
			isa = XCBuildConfiguration;
			buildSettings = {
				ALWAYS_SEARCH_USER_PATHS = NO;
				CLANG_ANALYZER_NONNULL = YES;
				CLANG_ANALYZER_NUMBER_OBJECT_CONVERSION = YES_AGGRESSIVE;
				CLANG_CXX_LANGUAGE_STANDARD = "gnu++20";
				CLANG_ENABLE_MODULES = YES;
				CLANG_ENABLE_OBJC_ARC = YES;
				CLANG_ENABLE_OBJC_WEAK = YES;
				CLANG_WARN_BLOCK_CAPTURE_AUTORELEASING = YES;
				CLANG_WARN_BOOL_CONVERSION = YES;
				CLANG_WARN_COMMA = YES;
				CLANG_WARN_CONSTANT_CONVERSION = YES;
				CLANG_WARN_DEPRECATED_OBJC_IMPLEMENTATIONS = YES;
				CLANG_WARN_DIRECT_OBJC_ISA_USAGE = YES_ERROR;
				CLANG_WARN_DOCUMENTATION_COMMENTS = YES;
				CLANG_WARN_EMPTY_BODY = YES;
				CLANG_WARN_ENUM_CONVERSION = YES;
				CLANG_WARN_INFINITE_RECURSION = YES;
				CLANG_WARN_INT_CONVERSION = YES;
				CLANG_WARN_NON_LITERAL_NULL_CONVERSION = YES;
				CLANG_WARN_OBJC_IMPLICIT_RETAIN_SELF = YES;
				CLANG_WARN_OBJC_LITERAL_CONVERSION = YES;
				CLANG_WARN_OBJC_ROOT_CLASS = YES_ERROR;
				CLANG_WARN_QUOTED_INCLUDE_IN_FRAMEWORK_HEADER = YES;
				CLANG_WARN_RANGE_LOOP_ANALYSIS = YES;
				CLANG_WARN_STRICT_PROTOTYPES = YES;
				CLANG_WARN_SUSPICIOUS_MOVE = YES;
				CLANG_WARN_UNGUARDED_AVAILABILITY = YES_AGGRESSIVE;
				CLANG_WARN_UNREACHABLE_CODE = YES;
				CLANG_WARN__DUPLICATE_METHOD_MATCH = YES;
				COPY_PHASE_STRIP = NO;
				DEBUG_INFORMATION_FORMAT = "dwarf-with-dsym";
				ENABLE_NS_ASSERTIONS = NO;
				ENABLE_STRICT_OBJC_MSGSEND = YES;
				GCC_C_LANGUAGE_STANDARD = gnu11;
				GCC_NO_COMMON_BLOCKS = YES;
				GCC_WARN_64_TO_32_BIT_CONVERSION = YES;
				GCC_WARN_ABOUT_RETURN_TYPE = YES_ERROR;
				GCC_WARN_UNDECLARED_SELECTOR = YES;
				GCC_WARN_UNINITIALIZED_AUTOS = YES_AGGRESSIVE;
				GCC_WARN_UNUSED_FUNCTION = YES;
				GCC_WARN_UNUSED_VARIABLE = YES;
				IPHONEOS_DEPLOYMENT_TARGET = 16.1;
				MTL_ENABLE_DEBUG_INFO = NO;
				MTL_FAST_MATH = YES;
				SDKROOT = iphoneos;
				SWIFT_COMPILATION_MODE = wholemodule;
				SWIFT_OPTIMIZATION_LEVEL = "-O";
				VALIDATE_PRODUCT = YES;
			};
			name = Release;
		};
		6A4306732928530C00D00E97 /* Debug */ = {
			isa = XCBuildConfiguration;
			buildSettings = {
				ASSETCATALOG_COMPILER_APPICON_NAME = AppIcon;
				ASSETCATALOG_COMPILER_GLOBAL_ACCENT_COLOR_NAME = AccentColor;
				CODE_SIGN_STYLE = Automatic;
				CURRENT_PROJECT_VERSION = 1;
				DEVELOPMENT_ASSET_PATHS = "\"MoneyControl/Preview Content\"";
				DEVELOPMENT_TEAM = 66STM82H6X;
				ENABLE_PREVIEWS = YES;
				GENERATE_INFOPLIST_FILE = YES;
				INFOPLIST_KEY_UIApplicationSceneManifest_Generation = YES;
				INFOPLIST_KEY_UIApplicationSupportsIndirectInputEvents = YES;
				INFOPLIST_KEY_UILaunchScreen_Generation = YES;
				INFOPLIST_KEY_UISupportedInterfaceOrientations_iPad = "UIInterfaceOrientationPortrait UIInterfaceOrientationPortraitUpsideDown UIInterfaceOrientationLandscapeLeft UIInterfaceOrientationLandscapeRight";
				INFOPLIST_KEY_UISupportedInterfaceOrientations_iPhone = "UIInterfaceOrientationPortrait UIInterfaceOrientationLandscapeLeft UIInterfaceOrientationLandscapeRight";
				LD_RUNPATH_SEARCH_PATHS = (
					"$(inherited)",
					"@executable_path/Frameworks",
				);
				MARKETING_VERSION = 1.0;
				PRODUCT_BUNDLE_IDENTIFIER = com.prilezhnyj.MoneyControl;
				PRODUCT_NAME = "$(TARGET_NAME)";
				SWIFT_EMIT_LOC_STRINGS = YES;
				SWIFT_VERSION = 5.0;
				TARGETED_DEVICE_FAMILY = "1,2";
			};
			name = Debug;
		};
		6A4306742928530C00D00E97 /* Release */ = {
			isa = XCBuildConfiguration;
			buildSettings = {
				ASSETCATALOG_COMPILER_APPICON_NAME = AppIcon;
				ASSETCATALOG_COMPILER_GLOBAL_ACCENT_COLOR_NAME = AccentColor;
				CODE_SIGN_STYLE = Automatic;
				CURRENT_PROJECT_VERSION = 1;
				DEVELOPMENT_ASSET_PATHS = "\"MoneyControl/Preview Content\"";
				DEVELOPMENT_TEAM = 66STM82H6X;
				ENABLE_PREVIEWS = YES;
				GENERATE_INFOPLIST_FILE = YES;
				INFOPLIST_KEY_UIApplicationSceneManifest_Generation = YES;
				INFOPLIST_KEY_UIApplicationSupportsIndirectInputEvents = YES;
				INFOPLIST_KEY_UILaunchScreen_Generation = YES;
				INFOPLIST_KEY_UISupportedInterfaceOrientations_iPad = "UIInterfaceOrientationPortrait UIInterfaceOrientationPortraitUpsideDown UIInterfaceOrientationLandscapeLeft UIInterfaceOrientationLandscapeRight";
				INFOPLIST_KEY_UISupportedInterfaceOrientations_iPhone = "UIInterfaceOrientationPortrait UIInterfaceOrientationLandscapeLeft UIInterfaceOrientationLandscapeRight";
				LD_RUNPATH_SEARCH_PATHS = (
					"$(inherited)",
					"@executable_path/Frameworks",
				);
				MARKETING_VERSION = 1.0;
				PRODUCT_BUNDLE_IDENTIFIER = com.prilezhnyj.MoneyControl;
				PRODUCT_NAME = "$(TARGET_NAME)";
				SWIFT_EMIT_LOC_STRINGS = YES;
				SWIFT_VERSION = 5.0;
				TARGETED_DEVICE_FAMILY = "1,2";
			};
			name = Release;
		};
/* End XCBuildConfiguration section */

/* Begin XCConfigurationList section */
		6A43065F2928530B00D00E97 /* Build configuration list for PBXProject "MoneyControl" */ = {
			isa = XCConfigurationList;
			buildConfigurations = (
				6A4306702928530C00D00E97 /* Debug */,
				6A4306712928530C00D00E97 /* Release */,
			);
			defaultConfigurationIsVisible = 0;
			defaultConfigurationName = Release;
		};
		6A4306722928530C00D00E97 /* Build configuration list for PBXNativeTarget "MoneyControl" */ = {
			isa = XCConfigurationList;
			buildConfigurations = (
				6A4306732928530C00D00E97 /* Debug */,
				6A4306742928530C00D00E97 /* Release */,
			);
			defaultConfigurationIsVisible = 0;
			defaultConfigurationName = Release;
		};
/* End XCConfigurationList section */
	};
	rootObject = 6A43065C2928530B00D00E97 /* Project object */;
}
